filippo.io/edwards25519 v1.1.0 h1:FNf4tywRC1HmFuKW5xopWpigGjJKiJSV0Cqo0cJWDaA=
filippo.io/edwards25519 v1.1.0/go.mod h1:BxyFTGdWcka3PhytdK4V28tE5sGfRvvvRV7EaN4VDT4=
github.com/dulao5/tidb-binary-multistmt v0.0.0-20261007141049-dcd68d72d4ce h1:ulY5YzseRDs3cSDqxSz1NGer/uOG0sh88UZCH6XUcYw=
github.com/dulao5/tidb-binary-multistmt v0.0.0-20261007141049-dcd68d72d4ce/go.mod h1:YW6CMz3ZeBiPxJnHP2k4nfggGVICEB9Lre3YWckwpzo=
github.com/dulao5/tidb-multistmt v0.0.0-20261006120221-c62eea454d24 h1:8A/qmWowhlMDSXi+e38uP4c9rTSB/UMOgwwzWeMKyxg=
github.com/dulao5/tidb-multistmt v0.0.0-20261006120221-c62eea454d24/go.mod h1:XtEap/+++yhZOufdDkFUzPt0em2cMVaBl5PhAdch6TQ=
github.com/go-sql-driver/mysql v1.9.3 h1:U/N249h2WzJ3Ukj8SowVFjdtZKfu9vlLZxjPXV1aweo=
github.com/go-sql-driver/mysql v1.9.3/go.mod h1:qn46aNg1333BRMNU69Lq93t8du/dwxI64Gl8i5p1WMU=
